// !$*UTF8*$!
{
	archiveVersion = 1;
	classes = {
	};
	objectVersion = 50;
	objects = {

/* Begin PBXBuildFile section */
		43DEF65F2512310600B2626E /* AppDelegate.swift in Sources */ = {isa = PBXBuildFile; fileRef = 43DEF65E2512310600B2626E /* AppDelegate.swift */; };
		43DEF6612512310600B2626E /* SceneDelegate.swift in Sources */ = {isa = PBXBuildFile; fileRef = 43DEF6602512310600B2626E /* SceneDelegate.swift */; };
		43DEF6632512310600B2626E /* ViewController.swift in Sources */ = {isa = PBXBuildFile; fileRef = 43DEF6622512310600B2626E /* ViewController.swift */; };
		43DEF6662512310600B2626E /* Main.storyboard in Resources */ = {isa = PBXBuildFile; fileRef = 43DEF6642512310600B2626E /* Main.storyboard */; };
		43DEF6682512310A00B2626E /* Assets.xcassets in Resources */ = {isa = PBXBuildFile; fileRef = 43DEF6672512310A00B2626E /* Assets.xcassets */; };
		43DEF66B2512310A00B2626E /* LaunchScreen.storyboard in Resources */ = {isa = PBXBuildFile; fileRef = 43DEF6692512310A00B2626E /* LaunchScreen.storyboard */; };
		43DEF6762512310A00B2626E /* LaboAPITests.swift in Sources */ = {isa = PBXBuildFile; fileRef = 43DEF6752512310A00B2626E /* LaboAPITests.swift */; };
		43DEF6812512310A00B2626E /* LaboAPIUITests.swift in Sources */ = {isa = PBXBuildFile; fileRef = 43DEF6802512310A00B2626E /* LaboAPIUITests.swift */; };
		43DEF691251232C900B2626E /* TableViewCell.swift in Sources */ = {isa = PBXBuildFile; fileRef = 43DEF690251232C900B2626E /* TableViewCell.swift */; };
		43DEF693251233A800B2626E /* TableViewController.swift in Sources */ = {isa = PBXBuildFile; fileRef = 43DEF692251233A800B2626E /* TableViewController.swift */; };
		43DEF695251239FE00B2626E /* NetworkService.swift in Sources */ = {isa = PBXBuildFile; fileRef = 43DEF694251239FE00B2626E /* NetworkService.swift */; };
		43DEF69725124AF700B2626E /* Games.swift in Sources */ = {isa = PBXBuildFile; fileRef = 43DEF69625124AF700B2626E /* Games.swift */; };
/* End PBXBuildFile section */

/* Begin PBXContainerItemProxy section */
		43DEF6722512310A00B2626E /* PBXContainerItemProxy */ = {
			isa = PBXContainerItemProxy;
			containerPortal = 43DEF6532512310600B2626E /* Project object */;
			proxyType = 1;
			remoteGlobalIDString = 43DEF65A2512310600B2626E;
			remoteInfo = LaboAPI;
		};
		43DEF67D2512310A00B2626E /* PBXContainerItemProxy */ = {
			isa = PBXContainerItemProxy;
			containerPortal = 43DEF6532512310600B2626E /* Project object */;
			proxyType = 1;
			remoteGlobalIDString = 43DEF65A2512310600B2626E;
			remoteInfo = LaboAPI;
		};
/* End PBXContainerItemProxy section */

/* Begin PBXFileReference section */
		43DEF65B2512310600B2626E /* LaboAPI.app */ = {isa = PBXFileReference; explicitFileType = wrapper.application; includeInIndex = 0; path = LaboAPI.app; sourceTree = BUILT_PRODUCTS_DIR; };
		43DEF65E2512310600B2626E /* AppDelegate.swift */ = {isa = PBXFileReference; lastKnownFileType = sourcecode.swift; path = AppDelegate.swift; sourceTree = "<group>"; };
		43DEF6602512310600B2626E /* SceneDelegate.swift */ = {isa = PBXFileReference; lastKnownFileType = sourcecode.swift; path = SceneDelegate.swift; sourceTree = "<group>"; };
		43DEF6622512310600B2626E /* ViewController.swift */ = {isa = PBXFileReference; lastKnownFileType = sourcecode.swift; path = ViewController.swift; sourceTree = "<group>"; };
		43DEF6652512310600B2626E /* Base */ = {isa = PBXFileReference; lastKnownFileType = file.storyboard; name = Base; path = Base.lproj/Main.storyboard; sourceTree = "<group>"; };
		43DEF6672512310A00B2626E /* Assets.xcassets */ = {isa = PBXFileReference; lastKnownFileType = folder.assetcatalog; path = Assets.xcassets; sourceTree = "<group>"; };
		43DEF66A2512310A00B2626E /* Base */ = {isa = PBXFileReference; lastKnownFileType = file.storyboard; name = Base; path = Base.lproj/LaunchScreen.storyboard; sourceTree = "<group>"; };
		43DEF66C2512310A00B2626E /* Info.plist */ = {isa = PBXFileReference; lastKnownFileType = text.plist.xml; path = Info.plist; sourceTree = "<group>"; };
		43DEF6712512310A00B2626E /* LaboAPITests.xctest */ = {isa = PBXFileReference; explicitFileType = wrapper.cfbundle; includeInIndex = 0; path = LaboAPITests.xctest; sourceTree = BUILT_PRODUCTS_DIR; };
		43DEF6752512310A00B2626E /* LaboAPITests.swift */ = {isa = PBXFileReference; lastKnownFileType = sourcecode.swift; path = LaboAPITests.swift; sourceTree = "<group>"; };
		43DEF6772512310A00B2626E /* Info.plist */ = {isa = PBXFileReference; lastKnownFileType = text.plist.xml; path = Info.plist; sourceTree = "<group>"; };
		43DEF67C2512310A00B2626E /* LaboAPIUITests.xctest */ = {isa = PBXFileReference; explicitFileType = wrapper.cfbundle; includeInIndex = 0; path = LaboAPIUITests.xctest; sourceTree = BUILT_PRODUCTS_DIR; };
		43DEF6802512310A00B2626E /* LaboAPIUITests.swift */ = {isa = PBXFileReference; lastKnownFileType = sourcecode.swift; path = LaboAPIUITests.swift; sourceTree = "<group>"; };
		43DEF6822512310A00B2626E /* Info.plist */ = {isa = PBXFileReference; lastKnownFileType = text.plist.xml; path = Info.plist; sourceTree = "<group>"; };
		43DEF690251232C900B2626E /* TableViewCell.swift */ = {isa = PBXFileReference; lastKnownFileType = sourcecode.swift; path = TableViewCell.swift; sourceTree = "<group>"; };
		43DEF692251233A800B2626E /* TableViewController.swift */ = {isa = PBXFileReference; lastKnownFileType = sourcecode.swift; path = TableViewController.swift; sourceTree = "<group>"; };
		43DEF694251239FE00B2626E /* NetworkService.swift */ = {isa = PBXFileReference; lastKnownFileType = sourcecode.swift; path = NetworkService.swift; sourceTree = "<group>"; };
		43DEF69625124AF700B2626E /* Games.swift */ = {isa = PBXFileReference; lastKnownFileType = sourcecode.swift; path = Games.swift; sourceTree = "<group>"; };
/* End PBXFileReference section */

/* Begin PBXFrameworksBuildPhase section */
		43DEF6582512310600B2626E /* Frameworks */ = {
			isa = PBXFrameworksBuildPhase;
			buildActionMask = 2147483647;
			files = (
			);
			runOnlyForDeploymentPostprocessing = 0;
		};
		43DEF66E2512310A00B2626E /* Frameworks */ = {
			isa = PBXFrameworksBuildPhase;
			buildActionMask = 2147483647;
			files = (
			);
			runOnlyForDeploymentPostprocessing = 0;
		};
		43DEF6792512310A00B2626E /* Frameworks */ = {
			isa = PBXFrameworksBuildPhase;
			buildActionMask = 2147483647;
			files = (
			);
			runOnlyForDeploymentPostprocessing = 0;
		};
/* End PBXFrameworksBuildPhase section */

/* Begin PBXGroup section */
		43DEF6522512310600B2626E = {
			isa = PBXGroup;
			children = (
				43DEF65D2512310600B2626E /* LaboAPI */,
				43DEF6742512310A00B2626E /* LaboAPITests */,
				43DEF67F2512310A00B2626E /* LaboAPIUITests */,
				43DEF65C2512310600B2626E /* Products */,
			);
			sourceTree = "<group>";
		};
		43DEF65C2512310600B2626E /* Products */ = {
			isa = PBXGroup;
			children = (
				43DEF65B2512310600B2626E /* LaboAPI.app */,
				43DEF6712512310A00B2626E /* LaboAPITests.xctest */,
				43DEF67C2512310A00B2626E /* LaboAPIUITests.xctest */,
			);
			name = Products;
			sourceTree = "<group>";
		};
		43DEF65D2512310600B2626E /* LaboAPI */ = {
			isa = PBXGroup;
			children = (
				43DEF68F2512329500B2626E /* Views */,
				43DEF68E2512318200B2626E /* Modal */,
				43DEF65E2512310600B2626E /* AppDelegate.swift */,
				43DEF6602512310600B2626E /* SceneDelegate.swift */,
				43DEF6642512310600B2626E /* Main.storyboard */,
				43DEF6672512310A00B2626E /* Assets.xcassets */,
				43DEF6692512310A00B2626E /* LaunchScreen.storyboard */,
				43DEF66C2512310A00B2626E /* Info.plist */,
				43DEF694251239FE00B2626E /* NetworkService.swift */,
			);
			path = LaboAPI;
			sourceTree = "<group>";
		};
		43DEF6742512310A00B2626E /* LaboAPITests */ = {
			isa = PBXGroup;
			children = (
				43DEF6752512310A00B2626E /* LaboAPITests.swift */,
				43DEF6772512310A00B2626E /* Info.plist */,
			);
			path = LaboAPITests;
			sourceTree = "<group>";
		};
		43DEF67F2512310A00B2626E /* LaboAPIUITests */ = {
			isa = PBXGroup;
			children = (
				43DEF6802512310A00B2626E /* LaboAPIUITests.swift */,
				43DEF6822512310A00B2626E /* Info.plist */,
			);
			path = LaboAPIUITests;
			sourceTree = "<group>";
		};
		43DEF68E2512318200B2626E /* Modal */ = {
			isa = PBXGroup;
			children = (
				43DEF69625124AF700B2626E /* Games.swift */,
			);
			path = Modal;
			sourceTree = "<group>";
		};
		43DEF68F2512329500B2626E /* Views */ = {
			isa = PBXGroup;
			children = (
				43DEF6622512310600B2626E /* ViewController.swift */,
				43DEF690251232C900B2626E /* TableViewCell.swift */,
				43DEF692251233A800B2626E /* TableViewController.swift */,
			);
			path = Views;
			sourceTree = "<group>";
		};
/* End PBXGroup section */

/* Begin PBXNativeTarget section */
		43DEF65A2512310600B2626E /* LaboAPI */ = {
			isa = PBXNativeTarget;
			buildConfigurationList = 43DEF6852512310A00B2626E /* Build configuration list for PBXNativeTarget "LaboAPI" */;
			buildPhases = (
				43DEF6572512310600B2626E /* Sources */,
				43DEF6582512310600B2626E /* Frameworks */,
				43DEF6592512310600B2626E /* Resources */,
			);
			buildRules = (
			);
			dependencies = (
			);
			name = LaboAPI;
			productName = LaboAPI;
			productReference = 43DEF65B2512310600B2626E /* LaboAPI.app */;
			productType = "com.apple.product-type.application";
		};
		43DEF6702512310A00B2626E /* LaboAPITests */ = {
			isa = PBXNativeTarget;
			buildConfigurationList = 43DEF6882512310A00B2626E /* Build configuration list for PBXNativeTarget "LaboAPITests" */;
			buildPhases = (
				43DEF66D2512310A00B2626E /* Sources */,
				43DEF66E2512310A00B2626E /* Frameworks */,
				43DEF66F2512310A00B2626E /* Resources */,
			);
			buildRules = (
			);
			dependencies = (
				43DEF6732512310A00B2626E /* PBXTargetDependency */,
			);
			name = LaboAPITests;
			productName = LaboAPITests;
			productReference = 43DEF6712512310A00B2626E /* LaboAPITests.xctest */;
			productType = "com.apple.product-type.bundle.unit-test";
		};
		43DEF67B2512310A00B2626E /* LaboAPIUITests */ = {
			isa = PBXNativeTarget;
			buildConfigurationList = 43DEF68B2512310A00B2626E /* Build configuration list for PBXNativeTarget "LaboAPIUITests" */;
			buildPhases = (
				43DEF6782512310A00B2626E /* Sources */,
				43DEF6792512310A00B2626E /* Frameworks */,
				43DEF67A2512310A00B2626E /* Resources */,
			);
			buildRules = (
			);
			dependencies = (
				43DEF67E2512310A00B2626E /* PBXTargetDependency */,
			);
			name = LaboAPIUITests;
			productName = LaboAPIUITests;
			productReference = 43DEF67C2512310A00B2626E /* LaboAPIUITests.xctest */;
			productType = "com.apple.product-type.bundle.ui-testing";
		};
/* End PBXNativeTarget section */

/* Begin PBXProject section */
		43DEF6532512310600B2626E /* Project object */ = {
			isa = PBXProject;
			attributes = {
				LastSwiftUpdateCheck = 1110;
				LastUpgradeCheck = 1110;
				ORGANIZATIONNAME = Benjamin;
				TargetAttributes = {
					43DEF65A2512310600B2626E = {
						CreatedOnToolsVersion = 11.1;
					};
					43DEF6702512310A00B2626E = {
						CreatedOnToolsVersion = 11.1;
						TestTargetID = 43DEF65A2512310600B2626E;
					};
					43DEF67B2512310A00B2626E = {
						CreatedOnToolsVersion = 11.1;
						TestTargetID = 43DEF65A2512310600B2626E;
					};
				};
			};
			buildConfigurationList = 43DEF6562512310600B2626E /* Build configuration list for PBXProject "LaboAPI" */;
			compatibilityVersion = "Xcode 9.3";
			developmentRegion = en;
			hasScannedForEncodings = 0;
			knownRegions = (
				en,
				Base,
			);
			mainGroup = 43DEF6522512310600B2626E;
			productRefGroup = 43DEF65C2512310600B2626E /* Products */;
			projectDirPath = "";
			projectRoot = "";
			targets = (
				43DEF65A2512310600B2626E /* LaboAPI */,
				43DEF6702512310A00B2626E /* LaboAPITests */,
				43DEF67B2512310A00B2626E /* LaboAPIUITests */,
			);
		};
/* End PBXProject section */

/* Begin PBXResourcesBuildPhase section */
		43DEF6592512310600B2626E /* Resources */ = {
			isa = PBXResourcesBuildPhase;
			buildActionMask = 2147483647;
			files = (
				43DEF66B2512310A00B2626E /* LaunchScreen.storyboard in Resources */,
				43DEF6682512310A00B2626E /* Assets.xcassets in Resources */,
				43DEF6662512310600B2626E /* Main.storyboard in Resources */,
			);
			runOnlyForDeploymentPostprocessing = 0;
		};
		43DEF66F2512310A00B2626E /* Resources */ = {
			isa = PBXResourcesBuildPhase;
			buildActionMask = 2147483647;
			files = (
			);
			runOnlyForDeploymentPostprocessing = 0;
		};
		43DEF67A2512310A00B2626E /* Resources */ = {
			isa = PBXResourcesBuildPhase;
			buildActionMask = 2147483647;
			files = (
			);
			runOnlyForDeploymentPostprocessing = 0;
		};
/* End PBXResourcesBuildPhase section */

/* Begin PBXSourcesBuildPhase section */
		43DEF6572512310600B2626E /* Sources */ = {
			isa = PBXSourcesBuildPhase;
			buildActionMask = 2147483647;
			files = (
				43DEF6632512310600B2626E /* ViewController.swift in Sources */,
				43DEF691251232C900B2626E /* TableViewCell.swift in Sources */,
				43DEF65F2512310600B2626E /* AppDelegate.swift in Sources */,
				43DEF69725124AF700B2626E /* Games.swift in Sources */,
				43DEF695251239FE00B2626E /* NetworkService.swift in Sources */,
				43DEF693251233A800B2626E /* TableViewController.swift in Sources */,
				43DEF6612512310600B2626E /* SceneDelegate.swift in Sources */,
			);
			runOnlyForDeploymentPostprocessing = 0;
		};
		43DEF66D2512310A00B2626E /* Sources */ = {
			isa = PBXSourcesBuildPhase;
			buildActionMask = 2147483647;
			files = (
				43DEF6762512310A00B2626E /* LaboAPITests.swift in Sources */,
			);
			runOnlyForDeploymentPostprocessing = 0;
		};
		43DEF6782512310A00B2626E /* Sources */ = {
			isa = PBXSourcesBuildPhase;
			buildActionMask = 2147483647;
			files = (
				43DEF6812512310A00B2626E /* LaboAPIUITests.swift in Sources */,
			);
			runOnlyForDeploymentPostprocessing = 0;
		};
/* End PBXSourcesBuildPhase section */

/* Begin PBXTargetDependency section */
		43DEF6732512310A00B2626E /* PBXTargetDependency */ = {
			isa = PBXTargetDependency;
			target = 43DEF65A2512310600B2626E /* LaboAPI */;
			targetProxy = 43DEF6722512310A00B2626E /* PBXContainerItemProxy */;
		};
		43DEF67E2512310A00B2626E /* PBXTargetDependency */ = {
			isa = PBXTargetDependency;
			target = 43DEF65A2512310600B2626E /* LaboAPI */;
			targetProxy = 43DEF67D2512310A00B2626E /* PBXContainerItemProxy */;
		};
/* End PBXTargetDependency section */

/* Begin PBXVariantGroup section */
		43DEF6642512310600B2626E /* Main.storyboard */ = {
			isa = PBXVariantGroup;
			children = (
				43DEF6652512310600B2626E /* Base */,
			);
			name = Main.storyboard;
			sourceTree = "<group>";
		};
		43DEF6692512310A00B2626E /* LaunchScreen.storyboard */ = {
			isa = PBXVariantGroup;
			children = (
				43DEF66A2512310A00B2626E /* Base */,
			);
			name = LaunchScreen.storyboard;
			sourceTree = "<group>";
		};
/* End PBXVariantGroup section */

/* Begin XCBuildConfiguration section */
		43DEF6832512310A00B2626E /* Debug */ = {
			isa = XCBuildConfiguration;
			buildSettings = {
				ALWAYS_SEARCH_USER_PATHS = NO;
				CLANG_ANALYZER_NONNULL = YES;
				CLANG_ANALYZER_NUMBER_OBJECT_CONVERSION = YES_AGGRESSIVE;
				CLANG_CXX_LANGUAGE_STANDARD = "gnu++14";
				CLANG_CXX_LIBRARY = "libc++";
				CLANG_ENABLE_MODULES = YES;
				CLANG_ENABLE_OBJC_ARC = YES;
				CLANG_ENABLE_OBJC_WEAK = YES;
				CLANG_WARN_BLOCK_CAPTURE_AUTORELEASING = YES;
				CLANG_WARN_BOOL_CONVERSION = YES;
				CLANG_WARN_COMMA = YES;
				CLANG_WARN_CONSTANT_CONVERSION = YES;
				CLANG_WARN_DEPRECATED_OBJC_IMPLEMENTATIONS = YES;
				CLANG_WARN_DIRECT_OBJC_ISA_USAGE = YES_ERROR;
				CLANG_WARN_DOCUMENTATION_COMMENTS = YES;
				CLANG_WARN_EMPTY_BODY = YES;
				CLANG_WARN_ENUM_CONVERSION = YES;
				CLANG_WARN_INFINITE_RECURSION = YES;
				CLANG_WARN_INT_CONVERSION = YES;
				CLANG_WARN_NON_LITERAL_NULL_CONVERSION = YES;
				CLANG_WARN_OBJC_IMPLICIT_RETAIN_SELF = YES;
				CLANG_WARN_OBJC_LITERAL_CONVERSION = YES;
				CLANG_WARN_OBJC_ROOT_CLASS = YES_ERROR;
				CLANG_WARN_RANGE_LOOP_ANALYSIS = YES;
				CLANG_WARN_STRICT_PROTOTYPES = YES;
				CLANG_WARN_SUSPICIOUS_MOVE = YES;
				CLANG_WARN_UNGUARDED_AVAILABILITY = YES_AGGRESSIVE;
				CLANG_WARN_UNREACHABLE_CODE = YES;
				CLANG_WARN__DUPLICATE_METHOD_MATCH = YES;
				COPY_PHASE_STRIP = NO;
				DEBUG_INFORMATION_FORMAT = dwarf;
				ENABLE_STRICT_OBJC_MSGSEND = YES;
				ENABLE_TESTABILITY = YES;
				GCC_C_LANGUAGE_STANDARD = gnu11;
				GCC_DYNAMIC_NO_PIC = NO;
				GCC_NO_COMMON_BLOCKS = YES;
				GCC_OPTIMIZATION_LEVEL = 0;
				GCC_PREPROCESSOR_DEFINITIONS = (
					"DEBUG=1",
					"$(inherited)",
				);
				GCC_WARN_64_TO_32_BIT_CONVERSION = YES;
				GCC_WARN_ABOUT_RETURN_TYPE = YES_ERROR;
				GCC_WARN_UNDECLARED_SELECTOR = YES;
				GCC_WARN_UNINITIALIZED_AUTOS = YES_AGGRESSIVE;
				GCC_WARN_UNUSED_FUNCTION = YES;
				GCC_WARN_UNUSED_VARIABLE = YES;
				IPHONEOS_DEPLOYMENT_TARGET = 13.1;
				MTL_ENABLE_DEBUG_INFO = INCLUDE_SOURCE;
				MTL_FAST_MATH = YES;
				ONLY_ACTIVE_ARCH = YES;
				SDKROOT = iphoneos;
				SWIFT_ACTIVE_COMPILATION_CONDITIONS = DEBUG;
				SWIFT_OPTIMIZATION_LEVEL = "-Onone";
			};
			name = Debug;
		};
		43DEF6842512310A00B2626E /* Release */ = {
			isa = XCBuildConfiguration;
			buildSettings = {
				ALWAYS_SEARCH_USER_PATHS = NO;
				CLANG_ANALYZER_NONNULL = YES;
				CLANG_ANALYZER_NUMBER_OBJECT_CONVERSION = YES_AGGRESSIVE;
				CLANG_CXX_LANGUAGE_STANDARD = "gnu++14";
				CLANG_CXX_LIBRARY = "libc++";
				CLANG_ENABLE_MODULES = YES;
				CLANG_ENABLE_OBJC_ARC = YES;
				CLANG_ENABLE_OBJC_WEAK = YES;
				CLANG_WARN_BLOCK_CAPTURE_AUTORELEASING = YES;
				CLANG_WARN_BOOL_CONVERSION = YES;
				CLANG_WARN_COMMA = YES;
				CLANG_WARN_CONSTANT_CONVERSION = YES;
				CLANG_WARN_DEPRECATED_OBJC_IMPLEMENTATIONS = YES;
				CLANG_WARN_DIRECT_OBJC_ISA_USAGE = YES_ERROR;
				CLANG_WARN_DOCUMENTATION_COMMENTS = YES;
				CLANG_WARN_EMPTY_BODY = YES;
				CLANG_WARN_ENUM_CONVERSION = YES;
				CLANG_WARN_INFINITE_RECURSION = YES;
				CLANG_WARN_INT_CONVERSION = YES;
				CLANG_WARN_NON_LITERAL_NULL_CONVERSION = YES;
				CLANG_WARN_OBJC_IMPLICIT_RETAIN_SELF = YES;
				CLANG_WARN_OBJC_LITERAL_CONVERSION = YES;
				CLANG_WARN_OBJC_ROOT_CLASS = YES_ERROR;
				CLANG_WARN_RANGE_LOOP_ANALYSIS = YES;
				CLANG_WARN_STRICT_PROTOTYPES = YES;
				CLANG_WARN_SUSPICIOUS_MOVE = YES;
				CLANG_WARN_UNGUARDED_AVAILABILITY = YES_AGGRESSIVE;
				CLANG_WARN_UNREACHABLE_CODE = YES;
				CLANG_WARN__DUPLICATE_METHOD_MATCH = YES;
				COPY_PHASE_STRIP = NO;
				DEBUG_INFORMATION_FORMAT = "dwarf-with-dsym";
				ENABLE_NS_ASSERTIONS = NO;
				ENABLE_STRICT_OBJC_MSGSEND = YES;
				GCC_C_LANGUAGE_STANDARD = gnu11;
				GCC_NO_COMMON_BLOCKS = YES;
				GCC_WARN_64_TO_32_BIT_CONVERSION = YES;
				GCC_WARN_ABOUT_RETURN_TYPE = YES_ERROR;
				GCC_WARN_UNDECLARED_SELECTOR = YES;
				GCC_WARN_UNINITIALIZED_AUTOS = YES_AGGRESSIVE;
				GCC_WARN_UNUSED_FUNCTION = YES;
				GCC_WARN_UNUSED_VARIABLE = YES;
				IPHONEOS_DEPLOYMENT_TARGET = 13.1;
				MTL_ENABLE_DEBUG_INFO = NO;
				MTL_FAST_MATH = YES;
				SDKROOT = iphoneos;
				SWIFT_COMPILATION_MODE = wholemodule;
				SWIFT_OPTIMIZATION_LEVEL = "-O";
				VALIDATE_PRODUCT = YES;
			};
			name = Release;
		};
		43DEF6862512310A00B2626E /* Debug */ = {
			isa = XCBuildConfiguration;
			buildSettings = {
				ASSETCATALOG_COMPILER_APPICON_NAME = AppIcon;
				CODE_SIGN_STYLE = Automatic;
				DEVELOPMENT_TEAM = FSGHL63T2V;
				INFOPLIST_FILE = LaboAPI/Info.plist;
				LD_RUNPATH_SEARCH_PATHS = (
					"$(inherited)",
					"@executable_path/Frameworks",
				);
				PRODUCT_BUNDLE_IDENTIFIER = benjamin.LaboAPI;
				PRODUCT_NAME = "$(TARGET_NAME)";
				SWIFT_VERSION = 5.0;
				TARGETED_DEVICE_FAMILY = "1,2";
			};
			name = Debug;
		};
		43DEF6872512310A00B2626E /* Release */ = {
			isa = XCBuildConfiguration;
			buildSettings = {
				ASSETCATALOG_COMPILER_APPICON_NAME = AppIcon;
				CODE_SIGN_STYLE = Automatic;
				DEVELOPMENT_TEAM = FSGHL63T2V;
				INFOPLIST_FILE = LaboAPI/Info.plist;
				LD_RUNPATH_SEARCH_PATHS = (
					"$(inherited)",
					"@executable_path/Frameworks",
				);
				PRODUCT_BUNDLE_IDENTIFIER = benjamin.LaboAPI;
				PRODUCT_NAME = "$(TARGET_NAME)";
				SWIFT_VERSION = 5.0;
				TARGETED_DEVICE_FAMILY = "1,2";
			};
			name = Release;
		};
		43DEF6892512310A00B2626E /* Debug */ = {
			isa = XCBuildConfiguration;
			buildSettings = {
				ALWAYS_EMBED_SWIFT_STANDARD_LIBRARIES = YES;
				BUNDLE_LOADER = "$(TEST_HOST)";
				CODE_SIGN_STYLE = Automatic;
				DEVELOPMENT_TEAM = FSGHL63T2V;
				INFOPLIST_FILE = LaboAPITests/Info.plist;
				IPHONEOS_DEPLOYMENT_TARGET = 13.1;
				LD_RUNPATH_SEARCH_PATHS = (
					"$(inherited)",
					"@executable_path/Frameworks",
					"@loader_path/Frameworks",
				);
				PRODUCT_BUNDLE_IDENTIFIER = benjamin.LaboAPITests;
				PRODUCT_NAME = "$(TARGET_NAME)";
				SWIFT_VERSION = 5.0;
				TARGETED_DEVICE_FAMILY = "1,2";
				TEST_HOST = "$(BUILT_PRODUCTS_DIR)/LaboAPI.app/LaboAPI";
			};
			name = Debug;
		};
		43DEF68A2512310A00B2626E /* Release */ = {
			isa = XCBuildConfiguration;
			buildSettings = {
				ALWAYS_EMBED_SWIFT_STANDARD_LIBRARIES = YES;
				BUNDLE_LOADER = "$(TEST_HOST)";
				CODE_SIGN_STYLE = Automatic;
				DEVELOPMENT_TEAM = FSGHL63T2V;
				INFOPLIST_FILE = LaboAPITests/Info.plist;
				IPHONEOS_DEPLOYMENT_TARGET = 13.1;
				LD_RUNPATH_SEARCH_PATHS = (
					"$(inherited)",
					"@executable_path/Frameworks",
					"@loader_path/Frameworks",
				);
				PRODUCT_BUNDLE_IDENTIFIER = benjamin.LaboAPITests;
				PRODUCT_NAME = "$(TARGET_NAME)";
				SWIFT_VERSION = 5.0;
				TARGETED_DEVICE_FAMILY = "1,2";
				TEST_HOST = "$(BUILT_PRODUCTS_DIR)/LaboAPI.app/LaboAPI";
			};
			name = Release;
		};
		43DEF68C2512310A00B2626E /* Debug */ = {
			isa = XCBuildConfiguration;
			buildSettings = {
				ALWAYS_EMBED_SWIFT_STANDARD_LIBRARIES = YES;
				CODE_SIGN_STYLE = Automatic;
				DEVELOPMENT_TEAM = FSGHL63T2V;
				INFOPLIST_FILE = LaboAPIUITests/Info.plist;
				LD_RUNPATH_SEARCH_PATHS = (
					"$(inherited)",
					"@executable_path/Frameworks",
					"@loader_path/Frameworks",
				);
				PRODUCT_BUNDLE_IDENTIFIER = benjamin.LaboAPIUITests;
				PRODUCT_NAME = "$(TARGET_NAME)";
				SWIFT_VERSION = 5.0;
				TARGETED_DEVICE_FAMILY = "1,2";
				TEST_TARGET_NAME = LaboAPI;
			};
			name = Debug;
		};
		43DEF68D2512310A00B2626E /* Release */ = {
			isa = XCBuildConfiguration;
			buildSettings = {
				ALWAYS_EMBED_SWIFT_STANDARD_LIBRARIES = YES;
				CODE_SIGN_STYLE = Automatic;
				DEVELOPMENT_TEAM = FSGHL63T2V;
				INFOPLIST_FILE = LaboAPIUITests/Info.plist;
				LD_RUNPATH_SEARCH_PATHS = (
					"$(inherited)",
					"@executable_path/Frameworks",
					"@loader_path/Frameworks",
				);
				PRODUCT_BUNDLE_IDENTIFIER = benjamin.LaboAPIUITests;
				PRODUCT_NAME = "$(TARGET_NAME)";
				SWIFT_VERSION = 5.0;
				TARGETED_DEVICE_FAMILY = "1,2";
				TEST_TARGET_NAME = LaboAPI;
			};
			name = Release;
		};
/* End XCBuildConfiguration section */

/* Begin XCConfigurationList section */
		43DEF6562512310600B2626E /* Build configuration list for PBXProject "LaboAPI" */ = {
			isa = XCConfigurationList;
			buildConfigurations = (
				43DEF6832512310A00B2626E /* Debug */,
				43DEF6842512310A00B2626E /* Release */,
			);
			defaultConfigurationIsVisible = 0;
			defaultConfigurationName = Release;
		};
		43DEF6852512310A00B2626E /* Build configuration list for PBXNativeTarget "LaboAPI" */ = {
			isa = XCConfigurationList;
			buildConfigurations = (
				43DEF6862512310A00B2626E /* Debug */,
				43DEF6872512310A00B2626E /* Release */,
			);
			defaultConfigurationIsVisible = 0;
			defaultConfigurationName = Release;
		};
		43DEF6882512310A00B2626E /* Build configuration list for PBXNativeTarget "LaboAPITests" */ = {
			isa = XCConfigurationList;
			buildConfigurations = (
				43DEF6892512310A00B2626E /* Debug */,
				43DEF68A2512310A00B2626E /* Release */,
			);
			defaultConfigurationIsVisible = 0;
			defaultConfigurationName = Release;
		};
		43DEF68B2512310A00B2626E /* Build configuration list for PBXNativeTarget "LaboAPIUITests" */ = {
			isa = XCConfigurationList;
			buildConfigurations = (
				43DEF68C2512310A00B2626E /* Debug */,
				43DEF68D2512310A00B2626E /* Release */,
			);
			defaultConfigurationIsVisible = 0;
			defaultConfigurationName = Release;
		};
/* End XCConfigurationList section */
	};
	rootObject = 43DEF6532512310600B2626E /* Project object */;
}
